
Microsoft Visual Studio Solution File, Format Version 12.00
# Visual Studio Version 17
VisualStudioVersion = 17.2.32616.157
MinimumVisualStudioVersion = 10.0.40219.1
Project("{9A19103F-16F7-4668-BE54-9A1E7A4F7556}") = "office", "office\office.csproj", "{A8637450-3075-466D-8C36-A091CF40FB76}"
EndProject
Global
	GlobalSection(SolutionConfigurationPlatforms) = preSolution
		Debug|Any CPU = Debug|Any CPU
		Release|Any CPU = Release|Any CPU
	EndGlobalSection
	GlobalSection(ProjectConfigurationPlatforms) = postSolution
		{A8637450-3075-466D-8C36-A091CF40FB76}.Debug|Any CPU.ActiveCfg = Debug|Any CPU
		{A8637450-3075-466D-8C36-A091CF40FB76}.Debug|Any CPU.Build.0 = Debug|Any CPU
		{A8637450-3075-466D-8C36-A091CF40FB76}.Release|Any CPU.ActiveCfg = Release|Any CPU
		{A8637450-3075-466D-8C36-A091CF40FB76}.Release|Any CPU.Build.0 = Release|Any CPU
	EndGlobalSection
	GlobalSection(SolutionProperties) = preSolution
		HideSolutionNode = FALSE
	EndGlobalSection
	GlobalSection(ExtensibilityGlobals) = postSolution
		SolutionGuid = {B9A72335-1EE5-4F98-99F8-5FFB7598D880}
	EndGlobalSection
EndGlobal
